
Microsoft Visual Studio Solution File, Format Version 12.00
# Visual Studio Version 17
VisualStudioVersion = 17.7.34031.279
MinimumVisualStudioVersion = 10.0.40219.1
Project("{9A19103F-16F7-4668-BE54-9A1E7A4F7556}") = "LethalCompanyPlugin", "LethalCompanyPlugin.csproj", "{ED97CE7E-E6A2-4511-8E62-9C368EAD8754}"
EndProject
Global
	GlobalSection(SolutionConfigurationPlatforms) = preSolution
		Debug|Any CPU = Debug|Any CPU
		Release|Any CPU = Release|Any CPU
	EndGlobalSection
	GlobalSection(ProjectConfigurationPlatforms) = postSolution
		{ED97CE7E-E6A2-4511-8E62-9C368EAD8754}.Debug|Any CPU.ActiveCfg = Debug|Any CPU
		{ED97CE7E-E6A2-4511-8E62-9C368EAD8754}.Debug|Any CPU.Build.0 = Debug|Any CPU
		{ED97CE7E-E6A2-4511-8E62-9C368EAD8754}.Release|Any CPU.ActiveCfg = Release|Any CPU
		{ED97CE7E-E6A2-4511-8E62-9C368EAD8754}.Release|Any CPU.Build.0 = Release|Any CPU
	EndGlobalSection
	GlobalSection(SolutionProperties) = preSolution
		HideSolutionNode = FALSE
	EndGlobalSection
	GlobalSection(ExtensibilityGlobals) = postSolution
		SolutionGuid = {991B72B8-E8F4-4E07-8370-C3F0A40D1DAE}
	EndGlobalSection
EndGlobal
